
Microsoft Visual Studio Solution File, Format Version 12.00
# Visual Studio Version 16
VisualStudioVersion = 16.0.31105.61
MinimumVisualStudioVersion = 10.0.40219.1
Project("{FAE04EC0-301F-11D3-BF4B-00C04F79EFBC}") = "Core", "Core\Core.csproj", "{41C2B733-113C-4CD2-951B-62523E80E4B8}"
EndProject
Project("{2150E333-8FDC-42A3-9474-1A3956D46DE8}") = "TestStorage", "TestStorage", "{FB2E7C07-0C58-4920-B905-ED648645C0A5}"
EndProject
Project("{FAE04EC0-301F-11D3-BF4B-00C04F79EFBC}") = "TestStorage.Abstractions", "TestStorage.Abstractions\TestStorage.Abstractions.csproj", "{EBE7F8EC-C8CB-433A-BE8E-3A715FF9C047}"
EndProject
Project("{FAE04EC0-301F-11D3-BF4B-00C04F79EFBC}") = "TestStorage.FileSystem", "TestStorage.FileSystem\TestStorage.FileSystem.csproj", "{3DA7C9F8-BE30-4126-8920-4699EA53424C}"
EndProject
Project("{2150E333-8FDC-42A3-9474-1A3956D46DE8}") = "Web", "Web", "{588832B9-9E0A-4CF2-A83F-D8920C7BDAC8}"
EndProject
Project("{FAE04EC0-301F-11D3-BF4B-00C04F79EFBC}") = "Web.Api", "Web.Api\Web.Api.csproj", "{E81DB422-FF6F-4126-8300-CA5D571F3E71}"
EndProject
Project("{FAE04EC0-301F-11D3-BF4B-00C04F79EFBC}") = "Web.Frontend", "Web.Frontend\Web.Frontend.csproj", "{8E58758B-0DBC-4372-A5DB-CDFFA61A8BD2}"
EndProject
Project("{2150E333-8FDC-42A3-9474-1A3956D46DE8}") = "DatabaseStorage", "DatabaseStorage", "{CDD2E4FE-3810-4FA9-A302-CD3AD582A195}"
EndProject
Project("{FAE04EC0-301F-11D3-BF4B-00C04F79EFBC}") = "DatabaseStorage.Abstractions", "DatabaseStorage.Abstractions\DatabaseStorage.Abstractions.csproj", "{EE99FB0B-49DE-462E-8D32-7B878D0BBF2D}"
EndProject
Project("{FAE04EC0-301F-11D3-BF4B-00C04F79EFBC}") = "DatabaseStorage.MsSql", "DatabaseStorage.MsSql\DatabaseStorage.MsSql.csproj", "{CF801CA7-B9F9-4091-87EF-91D03BCDDEF0}"
EndProject
Project("{FAE04EC0-301F-11D3-BF4B-00C04F79EFBC}") = "Utils", "Utils\Utils.csproj", "{613179BA-70B9-4B52-88BB-BE625F00D668}"
EndProject
Global
	GlobalSection(SolutionConfigurationPlatforms) = preSolution
		Debug|Any CPU = Debug|Any CPU
		Release|Any CPU = Release|Any CPU
	EndGlobalSection
	GlobalSection(ProjectConfigurationPlatforms) = postSolution
		{41C2B733-113C-4CD2-951B-62523E80E4B8}.Debug|Any CPU.ActiveCfg = Debug|Any CPU
		{41C2B733-113C-4CD2-951B-62523E80E4B8}.Debug|Any CPU.Build.0 = Debug|Any CPU
		{41C2B733-113C-4CD2-951B-62523E80E4B8}.Release|Any CPU.ActiveCfg = Release|Any CPU
		{41C2B733-113C-4CD2-951B-62523E80E4B8}.Release|Any CPU.Build.0 = Release|Any CPU
		{EBE7F8EC-C8CB-433A-BE8E-3A715FF9C047}.Debug|Any CPU.ActiveCfg = Debug|Any CPU
		{EBE7F8EC-C8CB-433A-BE8E-3A715FF9C047}.Debug|Any CPU.Build.0 = Debug|Any CPU
		{EBE7F8EC-C8CB-433A-BE8E-3A715FF9C047}.Release|Any CPU.ActiveCfg = Release|Any CPU
		{EBE7F8EC-C8CB-433A-BE8E-3A715FF9C047}.Release|Any CPU.Build.0 = Release|Any CPU
		{3DA7C9F8-BE30-4126-8920-4699EA53424C}.Debug|Any CPU.ActiveCfg = Debug|Any CPU
		{3DA7C9F8-BE30-4126-8920-4699EA53424C}.Debug|Any CPU.Build.0 = Debug|Any CPU
		{3DA7C9F8-BE30-4126-8920-4699EA53424C}.Release|Any CPU.ActiveCfg = Release|Any CPU
		{3DA7C9F8-BE30-4126-8920-4699EA53424C}.Release|Any CPU.Build.0 = Release|Any CPU
		{E81DB422-FF6F-4126-8300-CA5D571F3E71}.Debug|Any CPU.ActiveCfg = Debug|Any CPU
		{E81DB422-FF6F-4126-8300-CA5D571F3E71}.Debug|Any CPU.Build.0 = Debug|Any CPU
		{E81DB422-FF6F-4126-8300-CA5D571F3E71}.Release|Any CPU.ActiveCfg = Release|Any CPU
		{E81DB422-FF6F-4126-8300-CA5D571F3E71}.Release|Any CPU.Build.0 = Release|Any CPU
		{8E58758B-0DBC-4372-A5DB-CDFFA61A8BD2}.Debug|Any CPU.ActiveCfg = Debug|Any CPU
		{8E58758B-0DBC-4372-A5DB-CDFFA61A8BD2}.Debug|Any CPU.Build.0 = Debug|Any CPU
		{8E58758B-0DBC-4372-A5DB-CDFFA61A8BD2}.Release|Any CPU.ActiveCfg = Release|Any CPU
		{8E58758B-0DBC-4372-A5DB-CDFFA61A8BD2}.Release|Any CPU.Build.0 = Release|Any CPU
		{EE99FB0B-49DE-462E-8D32-7B878D0BBF2D}.Debug|Any CPU.ActiveCfg = Debug|Any CPU
		{EE99FB0B-49DE-462E-8D32-7B878D0BBF2D}.Debug|Any CPU.Build.0 = Debug|Any CPU
		{EE99FB0B-49DE-462E-8D32-7B878D0BBF2D}.Release|Any CPU.ActiveCfg = Release|Any CPU
		{EE99FB0B-49DE-462E-8D32-7B878D0BBF2D}.Release|Any CPU.Build.0 = Release|Any CPU
		{CF801CA7-B9F9-4091-87EF-91D03BCDDEF0}.Debug|Any CPU.ActiveCfg = Debug|Any CPU
		{CF801CA7-B9F9-4091-87EF-91D03BCDDEF0}.Debug|Any CPU.Build.0 = Debug|Any CPU
		{CF801CA7-B9F9-4091-87EF-91D03BCDDEF0}.Release|Any CPU.ActiveCfg = Release|Any CPU
		{CF801CA7-B9F9-4091-87EF-91D03BCDDEF0}.Release|Any CPU.Build.0 = Release|Any CPU
		{613179BA-70B9-4B52-88BB-BE625F00D668}.Debug|Any CPU.ActiveCfg = Debug|Any CPU
		{613179BA-70B9-4B52-88BB-BE625F00D668}.Debug|Any CPU.Build.0 = Debug|Any CPU
		{613179BA-70B9-4B52-88BB-BE625F00D668}.Release|Any CPU.ActiveCfg = Release|Any CPU
		{613179BA-70B9-4B52-88BB-BE625F00D668}.Release|Any CPU.Build.0 = Release|Any CPU
	EndGlobalSection
	GlobalSection(SolutionProperties) = preSolution
		HideSolutionNode = FALSE
	EndGlobalSection
	GlobalSection(NestedProjects) = preSolution
		{EBE7F8EC-C8CB-433A-BE8E-3A715FF9C047} = {FB2E7C07-0C58-4920-B905-ED648645C0A5}
		{3DA7C9F8-BE30-4126-8920-4699EA53424C} = {FB2E7C07-0C58-4920-B905-ED648645C0A5}
		{E81DB422-FF6F-4126-8300-CA5D571F3E71} = {588832B9-9E0A-4CF2-A83F-D8920C7BDAC8}
		{8E58758B-0DBC-4372-A5DB-CDFFA61A8BD2} = {588832B9-9E0A-4CF2-A83F-D8920C7BDAC8}
		{EE99FB0B-49DE-462E-8D32-7B878D0BBF2D} = {CDD2E4FE-3810-4FA9-A302-CD3AD582A195}
		{CF801CA7-B9F9-4091-87EF-91D03BCDDEF0} = {CDD2E4FE-3810-4FA9-A302-CD3AD582A195}
	EndGlobalSection
	GlobalSection(ExtensibilityGlobals) = postSolution
		SolutionGuid = {D4A34C99-2F94-48A4-9C9E-0D7DC47A144F}
	EndGlobalSection
EndGlobal
